hash: e36a825d83293612a6e1eb9b5a9c7716f7cc248bb6497ddb9c9ff29cc814b389
updated: 2016-03-10T00:38:46.998960329-08:00
imports:
- name: github.com/go-gl/gl
  version: cd1cf4a9b229045e8a41d5945fc597617e8bae4f
  subpackages:
  - v2.1/gl
- name: github.com/veandco/go-sdl2
  version: 2a60e820199f7fa40b20b7547e918650367ea657
  subpackages:
  - sdl
devImports: []
